// !$*UTF8*$!
{
	archiveVersion = 1;
	classes = {
	};
	objectVersion = 50;
	objects = {

/* Begin PBXBuildFile section */
		045FC5E82554279C00EF82C1 /* AppDelegate.swift in Sources */ = {isa = PBXBuildFile; fileRef = 045FC5E72554279C00EF82C1 /* AppDelegate.swift */; };
		045FC5EA2554279C00EF82C1 /* SceneDelegate.swift in Sources */ = {isa = PBXBuildFile; fileRef = 045FC5E92554279C00EF82C1 /* SceneDelegate.swift */; };
		045FC5EC2554279C00EF82C1 /* ContentView.swift in Sources */ = {isa = PBXBuildFile; fileRef = 045FC5EB2554279C00EF82C1 /* ContentView.swift */; };
		045FC5EE2554279F00EF82C1 /* Assets.xcassets in Resources */ = {isa = PBXBuildFile; fileRef = 045FC5ED2554279F00EF82C1 /* Assets.xcassets */; };
		045FC5F12554279F00EF82C1 /* Preview Assets.xcassets in Resources */ = {isa = PBXBuildFile; fileRef = 045FC5F02554279F00EF82C1 /* Preview Assets.xcassets */; };
		045FC5F42554279F00EF82C1 /* LaunchScreen.storyboard in Resources */ = {isa = PBXBuildFile; fileRef = 045FC5F22554279F00EF82C1 /* LaunchScreen.storyboard */; };
		045FC5FF2554279F00EF82C1 /* MemoriseAppTests.swift in Sources */ = {isa = PBXBuildFile; fileRef = 045FC5FE2554279F00EF82C1 /* MemoriseAppTests.swift */; };
		045FC60A2554279F00EF82C1 /* MemoriseAppUITests.swift in Sources */ = {isa = PBXBuildFile; fileRef = 045FC6092554279F00EF82C1 /* MemoriseAppUITests.swift */; };
/* End PBXBuildFile section */

/* Begin PBXContainerItemProxy section */
		045FC5FB2554279F00EF82C1 /* PBXContainerItemProxy */ = {
			isa = PBXContainerItemProxy;
			containerPortal = 045FC5DC2554279C00EF82C1 /* Project object */;
			proxyType = 1;
			remoteGlobalIDString = 045FC5E32554279C00EF82C1;
			remoteInfo = MemoriseApp;
		};
		045FC6062554279F00EF82C1 /* PBXContainerItemProxy */ = {
			isa = PBXContainerItemProxy;
			containerPortal = 045FC5DC2554279C00EF82C1 /* Project object */;
			proxyType = 1;
			remoteGlobalIDString = 045FC5E32554279C00EF82C1;
			remoteInfo = MemoriseApp;
		};
/* End PBXContainerItemProxy section */

/* Begin PBXFileReference section */
		045FC5E42554279C00EF82C1 /* MemoriseApp.app */ = {isa = PBXFileReference; explicitFileType = wrapper.application; includeInIndex = 0; path = MemoriseApp.app; sourceTree = BUILT_PRODUCTS_DIR; };
		045FC5E72554279C00EF82C1 /* AppDelegate.swift */ = {isa = PBXFileReference; lastKnownFileType = sourcecode.swift; path = AppDelegate.swift; sourceTree = "<group>"; };
		045FC5E92554279C00EF82C1 /* SceneDelegate.swift */ = {isa = PBXFileReference; lastKnownFileType = sourcecode.swift; path = SceneDelegate.swift; sourceTree = "<group>"; };
		045FC5EB2554279C00EF82C1 /* ContentView.swift */ = {isa = PBXFileReference; lastKnownFileType = sourcecode.swift; path = ContentView.swift; sourceTree = "<group>"; };
		045FC5ED2554279F00EF82C1 /* Assets.xcassets */ = {isa = PBXFileReference; lastKnownFileType = folder.assetcatalog; path = Assets.xcassets; sourceTree = "<group>"; };
		045FC5F02554279F00EF82C1 /* Preview Assets.xcassets */ = {isa = PBXFileReference; lastKnownFileType = folder.assetcatalog; path = "Preview Assets.xcassets"; sourceTree = "<group>"; };
		045FC5F32554279F00EF82C1 /* Base */ = {isa = PBXFileReference; lastKnownFileType = file.storyboard; name = Base; path = Base.lproj/LaunchScreen.storyboard; sourceTree = "<group>"; };
		045FC5F52554279F00EF82C1 /* Info.plist */ = {isa = PBXFileReference; lastKnownFileType = text.plist.xml; path = Info.plist; sourceTree = "<group>"; };
		045FC5FA2554279F00EF82C1 /* MemoriseAppTests.xctest */ = {isa = PBXFileReference; explicitFileType = wrapper.cfbundle; includeInIndex = 0; path = MemoriseAppTests.xctest; sourceTree = BUILT_PRODUCTS_DIR; };
		045FC5FE2554279F00EF82C1 /* MemoriseAppTests.swift */ = {isa = PBXFileReference; lastKnownFileType = sourcecode.swift; path = MemoriseAppTests.swift; sourceTree = "<group>"; };
		045FC6002554279F00EF82C1 /* Info.plist */ = {isa = PBXFileReference; lastKnownFileType = text.plist.xml; path = Info.plist; sourceTree = "<group>"; };
		045FC6052554279F00EF82C1 /* MemoriseAppUITests.xctest */ = {isa = PBXFileReference; explicitFileType = wrapper.cfbundle; includeInIndex = 0; path = MemoriseAppUITests.xctest; sourceTree = BUILT_PRODUCTS_DIR; };
		045FC6092554279F00EF82C1 /* MemoriseAppUITests.swift */ = {isa = PBXFileReference; lastKnownFileType = sourcecode.swift; path = MemoriseAppUITests.swift; sourceTree = "<group>"; };
		045FC60B2554279F00EF82C1 /* Info.plist */ = {isa = PBXFileReference; lastKnownFileType = text.plist.xml; path = Info.plist; sourceTree = "<group>"; };
/* End PBXFileReference section */

/* Begin PBXFrameworksBuildPhase section */
		045FC5E12554279C00EF82C1 /* Frameworks */ = {
			isa = PBXFrameworksBuildPhase;
			buildActionMask = 2147483647;
			files = (
			);
			runOnlyForDeploymentPostprocessing = 0;
		};
		045FC5F72554279F00EF82C1 /* Frameworks */ = {
			isa = PBXFrameworksBuildPhase;
			buildActionMask = 2147483647;
			files = (
			);
			runOnlyForDeploymentPostprocessing = 0;
		};
		045FC6022554279F00EF82C1 /* Frameworks */ = {
			isa = PBXFrameworksBuildPhase;
			buildActionMask = 2147483647;
			files = (
			);
			runOnlyForDeploymentPostprocessing = 0;
		};
/* End PBXFrameworksBuildPhase section */

/* Begin PBXGroup section */
		045FC5DB2554279C00EF82C1 = {
			isa = PBXGroup;
			children = (
				045FC5E62554279C00EF82C1 /* MemoriseApp */,
				045FC5FD2554279F00EF82C1 /* MemoriseAppTests */,
				045FC6082554279F00EF82C1 /* MemoriseAppUITests */,
				045FC5E52554279C00EF82C1 /* Products */,
			);
			sourceTree = "<group>";
		};
		045FC5E52554279C00EF82C1 /* Products */ = {
			isa = PBXGroup;
			children = (
				045FC5E42554279C00EF82C1 /* MemoriseApp.app */,
				045FC5FA2554279F00EF82C1 /* MemoriseAppTests.xctest */,
				045FC6052554279F00EF82C1 /* MemoriseAppUITests.xctest */,
			);
			name = Products;
			sourceTree = "<group>";
		};
		045FC5E62554279C00EF82C1 /* MemoriseApp */ = {
			isa = PBXGroup;
			children = (
				045FC5E72554279C00EF82C1 /* AppDelegate.swift */,
				045FC5E92554279C00EF82C1 /* SceneDelegate.swift */,
				045FC5EB2554279C00EF82C1 /* ContentView.swift */,
				045FC5ED2554279F00EF82C1 /* Assets.xcassets */,
				045FC5F22554279F00EF82C1 /* LaunchScreen.storyboard */,
				045FC5F52554279F00EF82C1 /* Info.plist */,
				045FC5EF2554279F00EF82C1 /* Preview Content */,
			);
			path = MemoriseApp;
			sourceTree = "<group>";
		};
		045FC5EF2554279F00EF82C1 /* Preview Content */ = {
			isa = PBXGroup;
			children = (
				045FC5F02554279F00EF82C1 /* Preview Assets.xcassets */,
			);
			path = "Preview Content";
			sourceTree = "<group>";
		};
		045FC5FD2554279F00EF82C1 /* MemoriseAppTests */ = {
			isa = PBXGroup;
			children = (
				045FC5FE2554279F00EF82C1 /* MemoriseAppTests.swift */,
				045FC6002554279F00EF82C1 /* Info.plist */,
			);
			path = MemoriseAppTests;
			sourceTree = "<group>";
		};
		045FC6082554279F00EF82C1 /* MemoriseAppUITests */ = {
			isa = PBXGroup;
			children = (
				045FC6092554279F00EF82C1 /* MemoriseAppUITests.swift */,
				045FC60B2554279F00EF82C1 /* Info.plist */,
			);
			path = MemoriseAppUITests;
			sourceTree = "<group>";
		};
/* End PBXGroup section */

/* Begin PBXNativeTarget section */
		045FC5E32554279C00EF82C1 /* MemoriseApp */ = {
			isa = PBXNativeTarget;
			buildConfigurationList = 045FC60E2554279F00EF82C1 /* Build configuration list for PBXNativeTarget "MemoriseApp" */;
			buildPhases = (
				045FC5E02554279C00EF82C1 /* Sources */,
				045FC5E12554279C00EF82C1 /* Frameworks */,
				045FC5E22554279C00EF82C1 /* Resources */,
			);
			buildRules = (
			);
			dependencies = (
			);
			name = MemoriseApp;
			productName = MemoriseApp;
			productReference = 045FC5E42554279C00EF82C1 /* MemoriseApp.app */;
			productType = "com.apple.product-type.application";
		};
		045FC5F92554279F00EF82C1 /* MemoriseAppTests */ = {
			isa = PBXNativeTarget;
			buildConfigurationList = 045FC6112554279F00EF82C1 /* Build configuration list for PBXNativeTarget "MemoriseAppTests" */;
			buildPhases = (
				045FC5F62554279F00EF82C1 /* Sources */,
				045FC5F72554279F00EF82C1 /* Frameworks */,
				045FC5F82554279F00EF82C1 /* Resources */,
			);
			buildRules = (
			);
			dependencies = (
				045FC5FC2554279F00EF82C1 /* PBXTargetDependency */,
			);
			name = MemoriseAppTests;
			productName = MemoriseAppTests;
			productReference = 045FC5FA2554279F00EF82C1 /* MemoriseAppTests.xctest */;
			productType = "com.apple.product-type.bundle.unit-test";
		};
		045FC6042554279F00EF82C1 /* MemoriseAppUITests */ = {
			isa = PBXNativeTarget;
			buildConfigurationList = 045FC6142554279F00EF82C1 /* Build configuration list for PBXNativeTarget "MemoriseAppUITests" */;
			buildPhases = (
				045FC6012554279F00EF82C1 /* Sources */,
				045FC6022554279F00EF82C1 /* Frameworks */,
				045FC6032554279F00EF82C1 /* Resources */,
			);
			buildRules = (
			);
			dependencies = (
				045FC6072554279F00EF82C1 /* PBXTargetDependency */,
			);
			name = MemoriseAppUITests;
			productName = MemoriseAppUITests;
			productReference = 045FC6052554279F00EF82C1 /* MemoriseAppUITests.xctest */;
			productType = "com.apple.product-type.bundle.ui-testing";
		};
/* End PBXNativeTarget section */

/* Begin PBXProject section */
		045FC5DC2554279C00EF82C1 /* Project object */ = {
			isa = PBXProject;
			attributes = {
				LastSwiftUpdateCheck = 1200;
				LastUpgradeCheck = 1200;
				TargetAttributes = {
					045FC5E32554279C00EF82C1 = {
						CreatedOnToolsVersion = 12.0.1;
					};
					045FC5F92554279F00EF82C1 = {
						CreatedOnToolsVersion = 12.0.1;
						TestTargetID = 045FC5E32554279C00EF82C1;
					};
					045FC6042554279F00EF82C1 = {
						CreatedOnToolsVersion = 12.0.1;
						TestTargetID = 045FC5E32554279C00EF82C1;
					};
				};
			};
			buildConfigurationList = 045FC5DF2554279C00EF82C1 /* Build configuration list for PBXProject "MemoriseApp" */;
			compatibilityVersion = "Xcode 9.3";
			developmentRegion = en;
			hasScannedForEncodings = 0;
			knownRegions = (
				en,
				Base,
			);
			mainGroup = 045FC5DB2554279C00EF82C1;
			productRefGroup = 045FC5E52554279C00EF82C1 /* Products */;
			projectDirPath = "";
			projectRoot = "";
			targets = (
				045FC5E32554279C00EF82C1 /* MemoriseApp */,
				045FC5F92554279F00EF82C1 /* MemoriseAppTests */,
				045FC6042554279F00EF82C1 /* MemoriseAppUITests */,
			);
		};
/* End PBXProject section */

/* Begin PBXResourcesBuildPhase section */
		045FC5E22554279C00EF82C1 /* Resources */ = {
			isa = PBXResourcesBuildPhase;
			buildActionMask = 2147483647;
			files = (
				045FC5F42554279F00EF82C1 /* LaunchScreen.storyboard in Resources */,
				045FC5F12554279F00EF82C1 /* Preview Assets.xcassets in Resources */,
				045FC5EE2554279F00EF82C1 /* Assets.xcassets in Resources */,
			);
			runOnlyForDeploymentPostprocessing = 0;
		};
		045FC5F82554279F00EF82C1 /* Resources */ = {
			isa = PBXResourcesBuildPhase;
			buildActionMask = 2147483647;
			files = (
			);
			runOnlyForDeploymentPostprocessing = 0;
		};
		045FC6032554279F00EF82C1 /* Resources */ = {
			isa = PBXResourcesBuildPhase;
			buildActionMask = 2147483647;
			files = (
			);
			runOnlyForDeploymentPostprocessing = 0;
		};
/* End PBXResourcesBuildPhase section */

/* Begin PBXSourcesBuildPhase section */
		045FC5E02554279C00EF82C1 /* Sources */ = {
			isa = PBXSourcesBuildPhase;
			buildActionMask = 2147483647;
			files = (
				045FC5E82554279C00EF82C1 /* AppDelegate.swift in Sources */,
				045FC5EA2554279C00EF82C1 /* SceneDelegate.swift in Sources */,
				045FC5EC2554279C00EF82C1 /* ContentView.swift in Sources */,
			);
			runOnlyForDeploymentPostprocessing = 0;
		};
		045FC5F62554279F00EF82C1 /* Sources */ = {
			isa = PBXSourcesBuildPhase;
			buildActionMask = 2147483647;
			files = (
				045FC5FF2554279F00EF82C1 /* MemoriseAppTests.swift in Sources */,
			);
			runOnlyForDeploymentPostprocessing = 0;
		};
		045FC6012554279F00EF82C1 /* Sources */ = {
			isa = PBXSourcesBuildPhase;
			buildActionMask = 2147483647;
			files = (
				045FC60A2554279F00EF82C1 /* MemoriseAppUITests.swift in Sources */,
			);
			runOnlyForDeploymentPostprocessing = 0;
		};
/* End PBXSourcesBuildPhase section */

/* Begin PBXTargetDependency section */
		045FC5FC2554279F00EF82C1 /* PBXTargetDependency */ = {
			isa = PBXTargetDependency;
			target = 045FC5E32554279C00EF82C1 /* MemoriseApp */;
			targetProxy = 045FC5FB2554279F00EF82C1 /* PBXContainerItemProxy */;
		};
		045FC6072554279F00EF82C1 /* PBXTargetDependency */ = {
			isa = PBXTargetDependency;
			target = 045FC5E32554279C00EF82C1 /* MemoriseApp */;
			targetProxy = 045FC6062554279F00EF82C1 /* PBXContainerItemProxy */;
		};
/* End PBXTargetDependency section */

/* Begin PBXVariantGroup section */
		045FC5F22554279F00EF82C1 /* LaunchScreen.storyboard */ = {
			isa = PBXVariantGroup;
			children = (
				045FC5F32554279F00EF82C1 /* Base */,
			);
			name = LaunchScreen.storyboard;
			sourceTree = "<group>";
		};
/* End PBXVariantGroup section */

/* Begin XCBuildConfiguration section */
		045FC60C2554279F00EF82C1 /* Debug */ = {
			isa = XCBuildConfiguration;
			buildSettings = {
				ALWAYS_SEARCH_USER_PATHS = NO;
				CLANG_ANALYZER_NONNULL = YES;
				CLANG_ANALYZER_NUMBER_OBJECT_CONVERSION = YES_AGGRESSIVE;
				CLANG_CXX_LANGUAGE_STANDARD = "gnu++14";
				CLANG_CXX_LIBRARY = "libc++";
				CLANG_ENABLE_MODULES = YES;
				CLANG_ENABLE_OBJC_ARC = YES;
				CLANG_ENABLE_OBJC_WEAK = YES;
				CLANG_WARN_BLOCK_CAPTURE_AUTORELEASING = YES;
				CLANG_WARN_BOOL_CONVERSION = YES;
				CLANG_WARN_COMMA = YES;
				CLANG_WARN_CONSTANT_CONVERSION = YES;
				CLANG_WARN_DEPRECATED_OBJC_IMPLEMENTATIONS = YES;
				CLANG_WARN_DIRECT_OBJC_ISA_USAGE = YES_ERROR;
				CLANG_WARN_DOCUMENTATION_COMMENTS = YES;
				CLANG_WARN_EMPTY_BODY = YES;
				CLANG_WARN_ENUM_CONVERSION = YES;
				CLANG_WARN_INFINITE_RECURSION = YES;
				CLANG_WARN_INT_CONVERSION = YES;
				CLANG_WARN_NON_LITERAL_NULL_CONVERSION = YES;
				CLANG_WARN_OBJC_IMPLICIT_RETAIN_SELF = YES;
				CLANG_WARN_OBJC_LITERAL_CONVERSION = YES;
				CLANG_WARN_OBJC_ROOT_CLASS = YES_ERROR;
				CLANG_WARN_QUOTED_INCLUDE_IN_FRAMEWORK_HEADER = YES;
				CLANG_WARN_RANGE_LOOP_ANALYSIS = YES;
				CLANG_WARN_STRICT_PROTOTYPES = YES;
				CLANG_WARN_SUSPICIOUS_MOVE = YES;
				CLANG_WARN_UNGUARDED_AVAILABILITY = YES_AGGRESSIVE;
				CLANG_WARN_UNREACHABLE_CODE = YES;
				CLANG_WARN__DUPLICATE_METHOD_MATCH = YES;
				COPY_PHASE_STRIP = NO;
				DEBUG_INFORMATION_FORMAT = dwarf;
				ENABLE_STRICT_OBJC_MSGSEND = YES;
				ENABLE_TESTABILITY = YES;
				GCC_C_LANGUAGE_STANDARD = gnu11;
				GCC_DYNAMIC_NO_PIC = NO;
				GCC_NO_COMMON_BLOCKS = YES;
				GCC_OPTIMIZATION_LEVEL = 0;
				GCC_PREPROCESSOR_DEFINITIONS = (
					"DEBUG=1",
					"$(inherited)",
				);
				GCC_WARN_64_TO_32_BIT_CONVERSION = YES;
				GCC_WARN_ABOUT_RETURN_TYPE = YES_ERROR;
				GCC_WARN_UNDECLARED_SELECTOR = YES;
				GCC_WARN_UNINITIALIZED_AUTOS = YES_AGGRESSIVE;
				GCC_WARN_UNUSED_FUNCTION = YES;
				GCC_WARN_UNUSED_VARIABLE = YES;
				IPHONEOS_DEPLOYMENT_TARGET = 14.0;
				MTL_ENABLE_DEBUG_INFO = INCLUDE_SOURCE;
				MTL_FAST_MATH = YES;
				ONLY_ACTIVE_ARCH = YES;
				SDKROOT = iphoneos;
				SWIFT_ACTIVE_COMPILATION_CONDITIONS = DEBUG;
				SWIFT_OPTIMIZATION_LEVEL = "-Onone";
			};
			name = Debug;
		};
		045FC60D2554279F00EF82C1 /* Release */ = {
			isa = XCBuildConfiguration;
			buildSettings = {
				ALWAYS_SEARCH_USER_PATHS = NO;
				CLANG_ANALYZER_NONNULL = YES;
				CLANG_ANALYZER_NUMBER_OBJECT_CONVERSION = YES_AGGRESSIVE;
				CLANG_CXX_LANGUAGE_STANDARD = "gnu++14";
				CLANG_CXX_LIBRARY = "libc++";
				CLANG_ENABLE_MODULES = YES;
				CLANG_ENABLE_OBJC_ARC = YES;
				CLANG_ENABLE_OBJC_WEAK = YES;
				CLANG_WARN_BLOCK_CAPTURE_AUTORELEASING = YES;
				CLANG_WARN_BOOL_CONVERSION = YES;
				CLANG_WARN_COMMA = YES;
				CLANG_WARN_CONSTANT_CONVERSION = YES;
				CLANG_WARN_DEPRECATED_OBJC_IMPLEMENTATIONS = YES;
				CLANG_WARN_DIRECT_OBJC_ISA_USAGE = YES_ERROR;
				CLANG_WARN_DOCUMENTATION_COMMENTS = YES;
				CLANG_WARN_EMPTY_BODY = YES;
				CLANG_WARN_ENUM_CONVERSION = YES;
				CLANG_WARN_INFINITE_RECURSION = YES;
				CLANG_WARN_INT_CONVERSION = YES;
				CLANG_WARN_NON_LITERAL_NULL_CONVERSION = YES;
				CLANG_WARN_OBJC_IMPLICIT_RETAIN_SELF = YES;
				CLANG_WARN_OBJC_LITERAL_CONVERSION = YES;
				CLANG_WARN_OBJC_ROOT_CLASS = YES_ERROR;
				CLANG_WARN_QUOTED_INCLUDE_IN_FRAMEWORK_HEADER = YES;
				CLANG_WARN_RANGE_LOOP_ANALYSIS = YES;
				CLANG_WARN_STRICT_PROTOTYPES = YES;
				CLANG_WARN_SUSPICIOUS_MOVE = YES;
				CLANG_WARN_UNGUARDED_AVAILABILITY = YES_AGGRESSIVE;
				CLANG_WARN_UNREACHABLE_CODE = YES;
				CLANG_WARN__DUPLICATE_METHOD_MATCH = YES;
				COPY_PHASE_STRIP = NO;
				DEBUG_INFORMATION_FORMAT = "dwarf-with-dsym";
				ENABLE_NS_ASSERTIONS = NO;
				ENABLE_STRICT_OBJC_MSGSEND = YES;
				GCC_C_LANGUAGE_STANDARD = gnu11;
				GCC_NO_COMMON_BLOCKS = YES;
				GCC_WARN_64_TO_32_BIT_CONVERSION = YES;
				GCC_WARN_ABOUT_RETURN_TYPE = YES_ERROR;
				GCC_WARN_UNDECLARED_SELECTOR = YES;
				GCC_WARN_UNINITIALIZED_AUTOS = YES_AGGRESSIVE;
				GCC_WARN_UNUSED_FUNCTION = YES;
				GCC_WARN_UNUSED_VARIABLE = YES;
				IPHONEOS_DEPLOYMENT_TARGET = 14.0;
				MTL_ENABLE_DEBUG_INFO = NO;
				MTL_FAST_MATH = YES;
				SDKROOT = iphoneos;
				SWIFT_COMPILATION_MODE = wholemodule;
				SWIFT_OPTIMIZATION_LEVEL = "-O";
				VALIDATE_PRODUCT = YES;
			};
			name = Release;
		};
		045FC60F2554279F00EF82C1 /* Debug */ = {
			isa = XCBuildConfiguration;
			buildSettings = {
				ASSETCATALOG_COMPILER_APPICON_NAME = AppIcon;
				ASSETCATALOG_COMPILER_GLOBAL_ACCENT_COLOR_NAME = AccentColor;
				CODE_SIGN_STYLE = Automatic;
				DEVELOPMENT_ASSET_PATHS = "\"MemoriseApp/Preview Content\"";
				DEVELOPMENT_TEAM = 75QS8NPQYY;
				ENABLE_PREVIEWS = YES;
				INFOPLIST_FILE = MemoriseApp/Info.plist;
				LD_RUNPATH_SEARCH_PATHS = (
					"$(inherited)",
					"@executable_path/Frameworks",
				);
				PRODUCT_BUNDLE_IDENTIFIER = SwiftAdu.MemoriseApp;
				PRODUCT_NAME = "$(TARGET_NAME)";
				SWIFT_VERSION = 5.0;
				TARGETED_DEVICE_FAMILY = "1,2";
			};
			name = Debug;
		};
		045FC6102554279F00EF82C1 /* Release */ = {
			isa = XCBuildConfiguration;
			buildSettings = {
				ASSETCATALOG_COMPILER_APPICON_NAME = AppIcon;
				ASSETCATALOG_COMPILER_GLOBAL_ACCENT_COLOR_NAME = AccentColor;
				CODE_SIGN_STYLE = Automatic;
				DEVELOPMENT_ASSET_PATHS = "\"MemoriseApp/Preview Content\"";
				DEVELOPMENT_TEAM = 75QS8NPQYY;
				ENABLE_PREVIEWS = YES;
				INFOPLIST_FILE = MemoriseApp/Info.plist;
				LD_RUNPATH_SEARCH_PATHS = (
					"$(inherited)",
					"@executable_path/Frameworks",
				);
				PRODUCT_BUNDLE_IDENTIFIER = SwiftAdu.MemoriseApp;
				PRODUCT_NAME = "$(TARGET_NAME)";
				SWIFT_VERSION = 5.0;
				TARGETED_DEVICE_FAMILY = "1,2";
			};
			name = Release;
		};
		045FC6122554279F00EF82C1 /* Debug */ = {
			isa = XCBuildConfiguration;
			buildSettings = {
				ALWAYS_EMBED_SWIFT_STANDARD_LIBRARIES = YES;
				BUNDLE_LOADER = "$(TEST_HOST)";
				CODE_SIGN_STYLE = Automatic;
				DEVELOPMENT_TEAM = 75QS8NPQYY;
				INFOPLIST_FILE = MemoriseAppTests/Info.plist;
				IPHONEOS_DEPLOYMENT_TARGET = 14.0;
				LD_RUNPATH_SEARCH_PATHS = (
					"$(inherited)",
					"@executable_path/Frameworks",
					"@loader_path/Frameworks",
				);
				PRODUCT_BUNDLE_IDENTIFIER = SwiftAdu.MemoriseAppTests;
				PRODUCT_NAME = "$(TARGET_NAME)";
				SWIFT_VERSION = 5.0;
				TARGETED_DEVICE_FAMILY = "1,2";
				TEST_HOST = "$(BUILT_PRODUCTS_DIR)/MemoriseApp.app/MemoriseApp";
			};
			name = Debug;
		};
		045FC6132554279F00EF82C1 /* Release */ = {
			isa = XCBuildConfiguration;
			buildSettings = {
				ALWAYS_EMBED_SWIFT_STANDARD_LIBRARIES = YES;
				BUNDLE_LOADER = "$(TEST_HOST)";
				CODE_SIGN_STYLE = Automatic;
				DEVELOPMENT_TEAM = 75QS8NPQYY;
				INFOPLIST_FILE = MemoriseAppTests/Info.plist;
				IPHONEOS_DEPLOYMENT_TARGET = 14.0;
				LD_RUNPATH_SEARCH_PATHS = (
					"$(inherited)",
					"@executable_path/Frameworks",
					"@loader_path/Frameworks",
				);
				PRODUCT_BUNDLE_IDENTIFIER = SwiftAdu.MemoriseAppTests;
				PRODUCT_NAME = "$(TARGET_NAME)";
				SWIFT_VERSION = 5.0;
				TARGETED_DEVICE_FAMILY = "1,2";
				TEST_HOST = "$(BUILT_PRODUCTS_DIR)/MemoriseApp.app/MemoriseApp";
			};
			name = Release;
		};
		045FC6152554279F00EF82C1 /* Debug */ = {
			isa = XCBuildConfiguration;
			buildSettings = {
				ALWAYS_EMBED_SWIFT_STANDARD_LIBRARIES = YES;
				CODE_SIGN_STYLE = Automatic;
				DEVELOPMENT_TEAM = 75QS8NPQYY;
				INFOPLIST_FILE = MemoriseAppUITests/Info.plist;
				LD_RUNPATH_SEARCH_PATHS = (
					"$(inherited)",
					"@executable_path/Frameworks",
					"@loader_path/Frameworks",
				);
				PRODUCT_BUNDLE_IDENTIFIER = SwiftAdu.MemoriseAppUITests;
				PRODUCT_NAME = "$(TARGET_NAME)";
				SWIFT_VERSION = 5.0;
				TARGETED_DEVICE_FAMILY = "1,2";
				TEST_TARGET_NAME = MemoriseApp;
			};
			name = Debug;
		};
		045FC6162554279F00EF82C1 /* Release */ = {
			isa = XCBuildConfiguration;
			buildSettings = {
				ALWAYS_EMBED_SWIFT_STANDARD_LIBRARIES = YES;
				CODE_SIGN_STYLE = Automatic;
				DEVELOPMENT_TEAM = 75QS8NPQYY;
				INFOPLIST_FILE = MemoriseAppUITests/Info.plist;
				LD_RUNPATH_SEARCH_PATHS = (
					"$(inherited)",
					"@executable_path/Frameworks",
					"@loader_path/Frameworks",
				);
				PRODUCT_BUNDLE_IDENTIFIER = SwiftAdu.MemoriseAppUITests;
				PRODUCT_NAME = "$(TARGET_NAME)";
				SWIFT_VERSION = 5.0;
				TARGETED_DEVICE_FAMILY = "1,2";
				TEST_TARGET_NAME = MemoriseApp;
			};
			name = Release;
		};
/* End XCBuildConfiguration section */

/* Begin XCConfigurationList section */
		045FC5DF2554279C00EF82C1 /* Build configuration list for PBXProject "MemoriseApp" */ = {
			isa = XCConfigurationList;
			buildConfigurations = (
				045FC60C2554279F00EF82C1 /* Debug */,
				045FC60D2554279F00EF82C1 /* Release */,
			);
			defaultConfigurationIsVisible = 0;
			defaultConfigurationName = Release;
		};
		045FC60E2554279F00EF82C1 /* Build configuration list for PBXNativeTarget "MemoriseApp" */ = {
			isa = XCConfigurationList;
			buildConfigurations = (
				045FC60F2554279F00EF82C1 /* Debug */,
				045FC6102554279F00EF82C1 /* Release */,
			);
			defaultConfigurationIsVisible = 0;
			defaultConfigurationName = Release;
		};
		045FC6112554279F00EF82C1 /* Build configuration list for PBXNativeTarget "MemoriseAppTests" */ = {
			isa = XCConfigurationList;
			buildConfigurations = (
				045FC6122554279F00EF82C1 /* Debug */,
				045FC6132554279F00EF82C1 /* Release */,
			);
			defaultConfigurationIsVisible = 0;
			defaultConfigurationName = Release;
		};
		045FC6142554279F00EF82C1 /* Build configuration list for PBXNativeTarget "MemoriseAppUITests" */ = {
			isa = XCConfigurationList;
			buildConfigurations = (
				045FC6152554279F00EF82C1 /* Debug */,
				045FC6162554279F00EF82C1 /* Release */,
			);
			defaultConfigurationIsVisible = 0;
			defaultConfigurationName = Release;
		};
/* End XCConfigurationList section */
	};
	rootObject = 045FC5DC2554279C00EF82C1 /* Project object */;
}
